<?xml version="1.0" encoding="utf-8"?>
<Project ToolsVersion="4.0" xmlns="http://schemas.microsoft.com/developer/msbuild/2003">
  <ItemGroup>
    <Filter Include="Header Files">
      <UniqueIdentifier>{93995380-89BD-4b04-88EB-625FBE52EBFB}</UniqueIdentifier>
      <Extensions>h;hh;hpp;hxx;hm;inl;inc;ipp;xsd</Extensions>
    </Filter>
    <Filter Include="Header Files\Audio">
      <UniqueIdentifier>{f311c6f7-9f88-466f-ba1a-8c7cc10fcc9d}</UniqueIdentifier>
    </Filter>
    <Filter Include="Header Files\Global">
      <UniqueIdentifier>{2bb44fd7-150c-48a5-aee7-2dcf1111abe1}</UniqueIdentifier>
    </Filter>
  </ItemGroup>
  <ItemGroup>
    <ClCompile Include="AAssImp.cpp" />
    <ClCompile Include="AckerfeErrorHandler.cpp" />
    <ClCompile Include="ACollision.cpp" />
    <ClCompile Include="AMeshRenderer.cpp" />
    <ClCompile Include="Cameras.cpp" />
    <ClCompile Include="GUI.cpp" />
    <ClCompile Include="ImageLoad.cpp" />
    <ClCompile Include="InitFileReadWrite.cpp" />
    <ClCompile Include="InputHandler.cpp" />
    <ClCompile Include="Logostate.cpp" />
    <ClCompile Include="LuaWrapper.cpp" />
    <ClCompile Include="MessagingSystem.cpp" />
    <ClCompile Include="OSInterface.cpp" />
    <ClCompile Include="Particles.cpp" />
    <ClCompile Include="PicoPNG.cpp" />
    <ClCompile Include="ProgramClock.cpp" />
    <ClCompile Include="SimpleShader.cpp" />
    <ClCompile Include="Skybox.cpp" />
    <ClCompile Include="Source.cpp" />
    <ClCompile Include="SpatialSceneGraphOct.cpp" />
    <ClCompile Include="Square.cpp" />
    <ClCompile Include="Triangle.cpp" />
    <ClCompile Include="MultiSprite.cpp" />
    <ClCompile Include="ErrHandler.cpp" />
    <ClCompile Include="GraphicsResourceManager.cpp" />
    <ClCompile Include="AAudio.cpp" />
    <ClCompile Include="SpriteFont.cpp" />
    <ClCompile Include="ACube.cpp" />
    <ClCompile Include="SpatialEntity.cpp" />
  </ItemGroup>
  <ItemGroup>
    <ClInclude Include="AAssImp.h">
      <Filter>Header Files</Filter>
    </ClInclude>
    <ClInclude Include="Ackerfe.h">
      <Filter>Header Files</Filter>
    </ClInclude>
    <ClInclude Include="AckerfeErrorHandler.h">
      <Filter>Header Files</Filter>
    </ClInclude>
    <ClInclude Include="ACollision.h">
      <Filter>Header Files</Filter>
    </ClInclude>
    <ClInclude Include="ACube.h">
      <Filter>Header Files</Filter>
    </ClInclude>
    <ClInclude Include="AMeshRenderer.h">
      <Filter>Header Files</Filter>
    </ClInclude>
    <ClInclude Include="Cameras.h">
      <Filter>Header Files</Filter>
    </ClInclude>
    <ClInclude Include="framework.h">
      <Filter>Header Files</Filter>
    </ClInclude>
    <ClInclude Include="GUI.h">
      <Filter>Header Files</Filter>
    </ClInclude>
    <ClInclude Include="IAppState.h">
      <Filter>Header Files</Filter>
    </ClInclude>
    <ClInclude Include="ImageLoad.h">
      <Filter>Header Files</Filter>
    </ClInclude>
    <ClInclude Include="InitFileReadWrite.h">
      <Filter>Header Files</Filter>
    </ClInclude>
    <ClInclude Include="InputHandler.h">
      <Filter>Header Files</Filter>
    </ClInclude>
    <ClInclude Include="Logostate.h">
      <Filter>Header Files</Filter>
    </ClInclude>
    <ClInclude Include="LuaWrapper.h">
      <Filter>Header Files</Filter>
    </ClInclude>
    <ClInclude Include="MessagingSystem.h">
      <Filter>Header Files</Filter>
    </ClInclude>
    <ClInclude Include="OSInterface.h">
      <Filter>Header Files</Filter>
    </ClInclude>
    <ClInclude Include="Particles.h">
      <Filter>Header Files</Filter>
    </ClInclude>
    <ClInclude Include="PicoPNG.h">
      <Filter>Header Files</Filter>
    </ClInclude>
    <ClInclude Include="ProgramClock.h">
      <Filter>Header Files</Filter>
    </ClInclude>
    <ClInclude Include="SimpleShader.h">
      <Filter>Header Files</Filter>
    </ClInclude>
    <ClInclude Include="Skybox.h">
      <Filter>Header Files</Filter>
    </ClInclude>
    <ClInclude Include="SpatialEntity.h">
      <Filter>Header Files</Filter>
    </ClInclude>
    <ClInclude Include="SpatialSceneGraphOct.h">
      <Filter>Header Files</Filter>
    </ClInclude>
    <ClInclude Include="Square.h">
      <Filter>Header Files</Filter>
    </ClInclude>
    <ClInclude Include="Triangle.h">
      <Filter>Header Files</Filter>
    </ClInclude>
    <ClInclude Include="MultiSprite.h">
      <Filter>Header Files</Filter>
    </ClInclude>
    <ClInclude Include="ErrHandler.h">
      <Filter>Header Files</Filter>
    </ClInclude>
    <ClInclude Include="GraphicsResourceManager.h">
      <Filter>Header Files</Filter>
    </ClInclude>
    <ClInclude Include="AAudio.h">
      <Filter>Header Files</Filter>
    </ClInclude>
    <ClInclude Include="SpriteFont.h">
      <Filter>Header Files</Filter>
    </ClInclude>
  </ItemGroup>
</Project>